
Microsoft Visual Studio Solution File, Format Version 12.00
# Visual Studio Version 16
VisualStudioVersion = 16.0.30413.136
MinimumVisualStudioVersion = 10.0.40219.1
Project("{FAE04EC0-301F-11D3-BF4B-00C04F79EFBC}") = "SyllabusApp", "SyllabusApp\SyllabusApp.csproj", "{7A1ADA7C-CD4F-448E-AB3D-07CBFB55CD60}"
EndProject
Global
	GlobalSection(SolutionConfigurationPlatforms) = preSolution
		Debug|Any CPU = Debug|Any CPU
		Release|Any CPU = Release|Any CPU
	EndGlobalSection
	GlobalSection(ProjectConfigurationPlatforms) = postSolution
		{7A1ADA7C-CD4F-448E-AB3D-07CBFB55CD60}.Debug|Any CPU.ActiveCfg = Debug|Any CPU
		{7A1ADA7C-CD4F-448E-AB3D-07CBFB55CD60}.Debug|Any CPU.Build.0 = Debug|Any CPU
		{7A1ADA7C-CD4F-448E-AB3D-07CBFB55CD60}.Release|Any CPU.ActiveCfg = Release|Any CPU
		{7A1ADA7C-CD4F-448E-AB3D-07CBFB55CD60}.Release|Any CPU.Build.0 = Release|Any CPU
	EndGlobalSection
	GlobalSection(SolutionProperties) = preSolution
		HideSolutionNode = FALSE
	EndGlobalSection
	GlobalSection(ExtensibilityGlobals) = postSolution
		SolutionGuid = {4D39334A-8230-478E-9B59-28EC489D6F17}
	EndGlobalSection
EndGlobal
